
Microsoft Visual Studio Solution File, Format Version 12.00
# Visual Studio Version 16
VisualStudioVersion = 16.0.30523.141
MinimumVisualStudioVersion = 10.0.40219.1
Project("{9A19103F-16F7-4668-BE54-9A1E7A4F7556}") = "Core", "Core\Core.csproj", "{74BB6A82-F270-413F-A814-7D7872ADC97B}"
EndProject
Project("{9A19103F-16F7-4668-BE54-9A1E7A4F7556}") = "Protocol", "Protocol\Protocol.csproj", "{7235BB9B-E228-4AB9-8FC1-62E2B0807AB1}"
EndProject
Project("{9A19103F-16F7-4668-BE54-9A1E7A4F7556}") = "Demo", "Demo\Demo.csproj", "{D8AE6D96-E75A-459F-AA8B-5D41301F1036}"
EndProject
Global
	GlobalSection(SolutionConfigurationPlatforms) = preSolution
		Debug|Any CPU = Debug|Any CPU
		Release|Any CPU = Release|Any CPU
	EndGlobalSection
	GlobalSection(ProjectConfigurationPlatforms) = postSolution
		{74BB6A82-F270-413F-A814-7D7872ADC97B}.Debug|Any CPU.ActiveCfg = Debug|Any CPU
		{74BB6A82-F270-413F-A814-7D7872ADC97B}.Debug|Any CPU.Build.0 = Debug|Any CPU
		{74BB6A82-F270-413F-A814-7D7872ADC97B}.Release|Any CPU.ActiveCfg = Release|Any CPU
		{74BB6A82-F270-413F-A814-7D7872ADC97B}.Release|Any CPU.Build.0 = Release|Any CPU
		{7235BB9B-E228-4AB9-8FC1-62E2B0807AB1}.Debug|Any CPU.ActiveCfg = Debug|Any CPU
		{7235BB9B-E228-4AB9-8FC1-62E2B0807AB1}.Debug|Any CPU.Build.0 = Debug|Any CPU
		{7235BB9B-E228-4AB9-8FC1-62E2B0807AB1}.Release|Any CPU.ActiveCfg = Release|Any CPU
		{7235BB9B-E228-4AB9-8FC1-62E2B0807AB1}.Release|Any CPU.Build.0 = Release|Any CPU
		{D8AE6D96-E75A-459F-AA8B-5D41301F1036}.Debug|Any CPU.ActiveCfg = Debug|Any CPU
		{D8AE6D96-E75A-459F-AA8B-5D41301F1036}.Debug|Any CPU.Build.0 = Debug|Any CPU
		{D8AE6D96-E75A-459F-AA8B-5D41301F1036}.Release|Any CPU.ActiveCfg = Release|Any CPU
		{D8AE6D96-E75A-459F-AA8B-5D41301F1036}.Release|Any CPU.Build.0 = Release|Any CPU
	EndGlobalSection
	GlobalSection(SolutionProperties) = preSolution
		HideSolutionNode = FALSE
	EndGlobalSection
	GlobalSection(ExtensibilityGlobals) = postSolution
		SolutionGuid = {F7E2F3F3-F4EB-4AEA-9ED0-B7C216E4EF6B}
	EndGlobalSection
EndGlobal
